
Microsoft Visual Studio Solution File, Format Version 12.00
# Visual Studio Version 17
VisualStudioVersion = 17.1.32319.34
MinimumVisualStudioVersion = 10.0.40219.1
Project("{F184B08F-C81C-45F6-A57F-5ABD9991F28F}") = "Upload_Transferencia_TBV_Desde_Requisicion_RQV", "Upload_Transferencia_TBV_Desde_Requisicion_RQV.vbproj", "{670DEAA2-EA62-4FAF-A03E-7A3CB37D1879}"
EndProject
Global
	GlobalSection(SolutionConfigurationPlatforms) = preSolution
		Debug|Any CPU = Debug|Any CPU
		Release|Any CPU = Release|Any CPU
	EndGlobalSection
	GlobalSection(ProjectConfigurationPlatforms) = postSolution
		{670DEAA2-EA62-4FAF-A03E-7A3CB37D1879}.Debug|Any CPU.ActiveCfg = Debug|Any CPU
		{670DEAA2-EA62-4FAF-A03E-7A3CB37D1879}.Debug|Any CPU.Build.0 = Debug|Any CPU
		{670DEAA2-EA62-4FAF-A03E-7A3CB37D1879}.Release|Any CPU.ActiveCfg = Release|Any CPU
		{670DEAA2-EA62-4FAF-A03E-7A3CB37D1879}.Release|Any CPU.Build.0 = Release|Any CPU
	EndGlobalSection
	GlobalSection(SolutionProperties) = preSolution
		HideSolutionNode = FALSE
	EndGlobalSection
	GlobalSection(ExtensibilityGlobals) = postSolution
		SolutionGuid = {5AC2EEBB-D259-42A8-8F2B-53EAE61F380F}
	EndGlobalSection
EndGlobal
